{
  "name": "@backedby/v1-contracts",
  "version": "1.3.0",
  "lockfileVersion": 2,
  "requires": true,
  "packages": {
    "": {
      "name": "@backedby/v1-contracts",
      "version": "1.3.0",
      "license": "MIT",
      "dependencies": {
        "@chainlink/contracts": "^0.4.1",
        "@openzeppelin/contracts": "^4.6.0"
      }
    },
    "node_modules/@chainlink/contracts": {
      "version": "0.4.1",
      "resolved": "https://registry.npmjs.org/@chainlink/contracts/-/contracts-0.4.1.tgz",
      "integrity": "sha512-eC8biY6Ks8k9kZKVt5305veCP3z57yyiy6Os5aR6auta6Bp34xWQ/s4qvrifcW4FNgWw1HJPwMPXDGfiehcLjg=="
    },
    "node_modules/@openzeppelin/contracts": {
      "version": "4.6.0",
      "resolved": "https://registry.npmjs.org/@openzeppelin/contracts/-/contracts-4.6.0.tgz",
      "integrity": "sha512-8vi4d50NNya/bQqCmaVzvHNmwHvS0OBKb7HNtuNwEE3scXWrP31fKQoGxNMT+KbzmrNZzatE3QK5p2gFONI/hg=="
    }
  },
  "dependencies": {
    "@chainlink/contracts": {
      "version": "0.4.1",
      "resolved": "https://registry.npmjs.org/@chainlink/contracts/-/contracts-0.4.1.tgz",
      "integrity": "sha512-eC8biY6Ks8k9kZKVt5305veCP3z57yyiy6Os5aR6auta6Bp34xWQ/s4qvrifcW4FNgWw1HJPwMPXDGfiehcLjg=="
    },
    "@openzeppelin/contracts": {
      "version": "4.6.0",
      "resolved": "https://registry.npmjs.org/@openzeppelin/contracts/-/contracts-4.6.0.tgz",
      "integrity": "sha512-8vi4d50NNya/bQqCmaVzvHNmwHvS0OBKb7HNtuNwEE3scXWrP31fKQoGxNMT+KbzmrNZzatE3QK5p2gFONI/hg=="
    }
  }
}
